
Microsoft Visual Studio Solution File, Format Version 12.00
VisualStudioVersion = 12.0.30501.0
MinimumVisualStudioVersion = 12.0.30501.0
Project("{8BC9CEB8-8B4A-11D0-8D11-00A0C91BC942}") = "libvpx", "libvpx.vcxproj", "{8293418A-603A-4119-B7B4-1E6204606BA9}"
EndProject
Global
	GlobalSection(SolutionConfigurationPlatforms) = preSolution
		Debug|x64 = Debug|x64
		Debug|x86 = Debug|x86
		DebugDLL|x64 = DebugDLL|x64
		DebugDLL|x86 = DebugDLL|x86
		DebugDLLWinRT|x64 = DebugDLLWinRT|x64
		DebugDLLWinRT|x86 = DebugDLLWinRT|x86
		DebugWinRT|x64 = DebugWinRT|x64
		DebugWinRT|x86 = DebugWinRT|x86
		Release|x64 = Release|x64
		Release|x86 = Release|x86
		ReleaseDLL|x64 = ReleaseDLL|x64
		ReleaseDLL|x86 = ReleaseDLL|x86
		ReleaseDLLWinRT|x64 = ReleaseDLLWinRT|x64
		ReleaseDLLWinRT|x86 = ReleaseDLLWinRT|x86
		ReleaseWinRT|x64 = ReleaseWinRT|x64
		ReleaseWinRT|x86 = ReleaseWinRT|x86
	EndGlobalSection
	GlobalSection(ProjectConfigurationPlatforms) = postSolution
		{8293418A-603A-4119-B7B4-1E6204606BA9}.Debug|x64.ActiveCfg = Debug|x64
		{8293418A-603A-4119-B7B4-1E6204606BA9}.Debug|x64.Build.0 = Debug|x64
		{8293418A-603A-4119-B7B4-1E6204606BA9}.Debug|x86.ActiveCfg = Debug|Win32
		{8293418A-603A-4119-B7B4-1E6204606BA9}.Debug|x86.Build.0 = Debug|Win32
		{8293418A-603A-4119-B7B4-1E6204606BA9}.DebugDLL|x64.ActiveCfg = DebugDLL|x64
		{8293418A-603A-4119-B7B4-1E6204606BA9}.DebugDLL|x64.Build.0 = DebugDLL|x64
		{8293418A-603A-4119-B7B4-1E6204606BA9}.DebugDLL|x86.ActiveCfg = DebugDLL|Win32
		{8293418A-603A-4119-B7B4-1E6204606BA9}.DebugDLL|x86.Build.0 = DebugDLL|Win32
		{8293418A-603A-4119-B7B4-1E6204606BA9}.DebugDLLWinRT|x64.ActiveCfg = DebugDLLWinRT|x64
		{8293418A-603A-4119-B7B4-1E6204606BA9}.DebugDLLWinRT|x64.Build.0 = DebugDLLWinRT|x64
		{8293418A-603A-4119-B7B4-1E6204606BA9}.DebugDLLWinRT|x86.ActiveCfg = DebugDLLWinRT|Win32
		{8293418A-603A-4119-B7B4-1E6204606BA9}.DebugDLLWinRT|x86.Build.0 = DebugDLLWinRT|Win32
		{8293418A-603A-4119-B7B4-1E6204606BA9}.DebugWinRT|x64.ActiveCfg = DebugWinRT|x64
		{8293418A-603A-4119-B7B4-1E6204606BA9}.DebugWinRT|x64.Build.0 = DebugWinRT|x64
		{8293418A-603A-4119-B7B4-1E6204606BA9}.DebugWinRT|x86.ActiveCfg = DebugWinRT|Win32
		{8293418A-603A-4119-B7B4-1E6204606BA9}.DebugWinRT|x86.Build.0 = DebugWinRT|Win32
		{8293418A-603A-4119-B7B4-1E6204606BA9}.Release|x64.ActiveCfg = Release|x64
		{8293418A-603A-4119-B7B4-1E6204606BA9}.Release|x64.Build.0 = Release|x64
		{8293418A-603A-4119-B7B4-1E6204606BA9}.Release|x86.ActiveCfg = Release|Win32
		{8293418A-603A-4119-B7B4-1E6204606BA9}.Release|x86.Build.0 = Release|Win32
		{8293418A-603A-4119-B7B4-1E6204606BA9}.ReleaseDLL|x64.ActiveCfg = ReleaseDLL|x64
		{8293418A-603A-4119-B7B4-1E6204606BA9}.ReleaseDLL|x64.Build.0 = ReleaseDLL|x64
		{8293418A-603A-4119-B7B4-1E6204606BA9}.ReleaseDLL|x86.ActiveCfg = ReleaseDLL|Win32
		{8293418A-603A-4119-B7B4-1E6204606BA9}.ReleaseDLL|x86.Build.0 = ReleaseDLL|Win32
		{8293418A-603A-4119-B7B4-1E6204606BA9}.ReleaseDLLWinRT|x64.ActiveCfg = ReleaseDLLWinRT|x64
		{8293418A-603A-4119-B7B4-1E6204606BA9}.ReleaseDLLWinRT|x64.Build.0 = ReleaseDLLWinRT|x64
		{8293418A-603A-4119-B7B4-1E6204606BA9}.ReleaseDLLWinRT|x86.ActiveCfg = ReleaseDLLWinRT|Win32
		{8293418A-603A-4119-B7B4-1E6204606BA9}.ReleaseDLLWinRT|x86.Build.0 = ReleaseDLLWinRT|Win32
		{8293418A-603A-4119-B7B4-1E6204606BA9}.ReleaseWinRT|x64.ActiveCfg = ReleaseWinRT|x64
		{8293418A-603A-4119-B7B4-1E6204606BA9}.ReleaseWinRT|x64.Build.0 = ReleaseWinRT|x64
		{8293418A-603A-4119-B7B4-1E6204606BA9}.ReleaseWinRT|x86.ActiveCfg = ReleaseWinRT|Win32
		{8293418A-603A-4119-B7B4-1E6204606BA9}.ReleaseWinRT|x86.Build.0 = ReleaseWinRT|Win32
	EndGlobalSection
	GlobalSection(SolutionProperties) = preSolution
		HideSolutionNode = FALSE
	EndGlobalSection
	GlobalSection(ExtensibilityGlobals) = postSolution
		SolutionGuid = {88D532DE-4550-4C4D-BC24-1C29FC508170}
	EndGlobalSection
EndGlobal
