<?xml version="1.0" encoding="utf-8"?>
<Project ToolsVersion="4.0" xmlns="http://schemas.microsoft.com/developer/msbuild/2003">
  <ItemGroup>
    <Filter Include="Header Files">
      <UniqueIdentifier>{2f2c4a75-f563-4eda-81a8-99f05e978394}</UniqueIdentifier>
    </Filter>
    <Filter Include="Source Files">
      <UniqueIdentifier>{9dcb9da6-1c85-40b9-b875-9bdf9575be2d}</UniqueIdentifier>
    </Filter>
    <Filter Include="Resource Files">
      <UniqueIdentifier>{e05e69ea-955c-4c2c-83f8-ff30c0007387}</UniqueIdentifier>
    </Filter>
    <Filter Include="Header Files\libvpx">
      <UniqueIdentifier>{a0830824-6c2d-4749-85d7-8578c84bd5ad}</UniqueIdentifier>
    </Filter>
    <Filter Include="Header Files\libvpx\vp9">
      <UniqueIdentifier>{4cf480f2-6334-432f-bd03-3e01750edf12}</UniqueIdentifier>
    </Filter>
    <Filter Include="Header Files\libvpx\vp9\common">
      <UniqueIdentifier>{036e8037-472f-48c6-a020-521842a0a6a4}</UniqueIdentifier>
    </Filter>
    <Filter Include="Header Files\libvpx\vp9\encoder">
      <UniqueIdentifier>{a16e6ee3-ba86-4526-92e0-6eb6c4b775ab}</UniqueIdentifier>
    </Filter>
    <Filter Include="Header Files\libvpx\vp9\decoder">
      <UniqueIdentifier>{ddf65977-add8-4116-b7d8-76c1e3db7617}</UniqueIdentifier>
    </Filter>
    <Filter Include="Header Files\libvpx\vp8">
      <UniqueIdentifier>{23a00403-b6c1-42d2-a085-ff2d50a86ce5}</UniqueIdentifier>
    </Filter>
    <Filter Include="Header Files\libvpx\vp8\common">
      <UniqueIdentifier>{34b86bcc-a49b-432d-a981-211912f5bf60}</UniqueIdentifier>
    </Filter>
    <Filter Include="Header Files\libvpx\vp8\encoder">
      <UniqueIdentifier>{6d9fae0a-60a1-4c20-a459-8846d037a758}</UniqueIdentifier>
    </Filter>
    <Filter Include="Header Files\libvpx\vp8\decoder">
      <UniqueIdentifier>{c4fa5d9e-a46e-4fd1-850c-b6619f686f85}</UniqueIdentifier>
    </Filter>
    <Filter Include="Header Files\libvpx\vpx_ports">
      <UniqueIdentifier>{cc06f743-8b33-410d-8b17-e5c819ba0727}</UniqueIdentifier>
    </Filter>
    <Filter Include="Header Files\libvpx\vpx_scale">
      <UniqueIdentifier>{9d21c1db-2dd6-402f-8a6b-112f2595d220}</UniqueIdentifier>
    </Filter>
    <Filter Include="Header Files\libvpx\vpx_mem">
      <UniqueIdentifier>{00db399b-8bf7-444c-a6fd-345002ff0d12}</UniqueIdentifier>
    </Filter>
    <Filter Include="Header Files\libvpx\vpx">
      <UniqueIdentifier>{40eb61f7-6d0c-442f-809d-8aa74e4d3b92}</UniqueIdentifier>
    </Filter>
    <Filter Include="Source Files\libvpx">
      <UniqueIdentifier>{57d748f2-bcaf-4a8d-ad3e-391cc4b67276}</UniqueIdentifier>
    </Filter>
    <Filter Include="Source Files\libvpx\vp9">
      <UniqueIdentifier>{1bb9d49d-039e-466a-8538-552ae707fb28}</UniqueIdentifier>
    </Filter>
    <Filter Include="Source Files\libvpx\vp9\common">
      <UniqueIdentifier>{d6b25322-4e3c-4f44-852a-0f79e35fc4b2}</UniqueIdentifier>
    </Filter>
    <Filter Include="Source Files\libvpx\vp9\common\x86">
      <UniqueIdentifier>{83e8e4e3-1409-4104-be20-39cb13a1108b}</UniqueIdentifier>
    </Filter>
    <Filter Include="Source Files\libvpx\vp9\encoder">
      <UniqueIdentifier>{3fb75d68-7eeb-4d76-8e4b-f87423e40c8b}</UniqueIdentifier>
    </Filter>
    <Filter Include="Source Files\libvpx\vp9\encoder\x86">
      <UniqueIdentifier>{0dfd272a-d6e1-4b16-b092-0e5ec4f03350}</UniqueIdentifier>
    </Filter>
    <Filter Include="Source Files\libvpx\vp9\decoder">
      <UniqueIdentifier>{dfd8cced-ff91-4c45-8568-e6b17abab4b7}</UniqueIdentifier>
    </Filter>
    <Filter Include="Source Files\libvpx\vp8">
      <UniqueIdentifier>{c38b7a19-ce92-481b-8c62-74d743cfa464}</UniqueIdentifier>
    </Filter>
    <Filter Include="Source Files\libvpx\vp8\common">
      <UniqueIdentifier>{c8aa9e1d-01a2-4900-ab04-7d689f1f77cd}</UniqueIdentifier>
    </Filter>
    <Filter Include="Source Files\libvpx\vp8\common\generic">
      <UniqueIdentifier>{bd4e42fe-5a0c-4933-b91a-2fd0420a10ba}</UniqueIdentifier>
    </Filter>
    <Filter Include="Source Files\libvpx\vp8\common\x86">
      <UniqueIdentifier>{366df8e7-0493-44cf-b60e-014ddfb63420}</UniqueIdentifier>
    </Filter>
    <Filter Include="Source Files\libvpx\vp8\encoder">
      <UniqueIdentifier>{1b5875fc-c311-4076-a083-c2408b7d13eb}</UniqueIdentifier>
    </Filter>
    <Filter Include="Source Files\libvpx\vp8\encoder\x86">
      <UniqueIdentifier>{b28157e2-9e25-4744-8c18-010fe6782beb}</UniqueIdentifier>
    </Filter>
    <Filter Include="Source Files\libvpx\vp8\decoder">
      <UniqueIdentifier>{5ea48a44-a813-47b2-a11c-b7acd409dd4b}</UniqueIdentifier>
    </Filter>
    <Filter Include="Source Files\libvpx\vpx_ports">
      <UniqueIdentifier>{e7092328-9a56-4c26-ac43-2a539c7b800d}</UniqueIdentifier>
    </Filter>
    <Filter Include="Source Files\libvpx\vpx_scale">
      <UniqueIdentifier>{d7878d8d-6f8f-4172-be21-87809047f93f}</UniqueIdentifier>
    </Filter>
    <Filter Include="Source Files\libvpx\vpx_scale\generic">
      <UniqueIdentifier>{25f0b8a5-519e-4ad8-b869-6cc0fba6edb2}</UniqueIdentifier>
    </Filter>
    <Filter Include="Source Files\libvpx\vpx_mem">
      <UniqueIdentifier>{6cbcb5ec-e6dc-4d84-8a77-1bdf35af9c6f}</UniqueIdentifier>
    </Filter>
    <Filter Include="Source Files\libvpx\vpx">
      <UniqueIdentifier>{2377a7b8-e312-4a8c-ad6d-6c89788c8d22}</UniqueIdentifier>
    </Filter>
    <Filter Include="Header Files\x86">
      <UniqueIdentifier>{3068de29-c4c7-4b2b-81f1-756fd09afb0f}</UniqueIdentifier>
    </Filter>
    <Filter Include="Header Files\x86_64">
      <UniqueIdentifier>{e40e560d-6b48-4fe0-8ef4-c95491dab576}</UniqueIdentifier>
    </Filter>
    <Filter Include="Source Files\libvpx\vpx_dsp">
      <UniqueIdentifier>{a911af88-9e27-480d-a645-ec28eb0f46da}</UniqueIdentifier>
    </Filter>
    <Filter Include="Source Files\libvpx\vpx_dsp\x86">
      <UniqueIdentifier>{35347f34-6e37-4d82-bbab-769367b3f14e}</UniqueIdentifier>
    </Filter>
    <Filter Include="Header Files\libvpx\vpx_dsp">
      <UniqueIdentifier>{1d4f3223-c6e2-4a1f-be2f-9cf08f0b1208}</UniqueIdentifier>
    </Filter>
    <Filter Include="Header Files\libvpx\vpx_dsp\x86">
      <UniqueIdentifier>{e193e4f9-9fc5-434b-9b4b-db0278bf0e55}</UniqueIdentifier>
    </Filter>
    <Filter Include="Source Files\libvpx\vpx_util">
      <UniqueIdentifier>{5f570ab9-f754-4fb6-a7b1-c97499c18794}</UniqueIdentifier>
    </Filter>
    <Filter Include="Header Files\libvpx\vpx_util">
      <UniqueIdentifier>{0f1488e1-b863-436b-a38e-233c1a2e23d6}</UniqueIdentifier>
    </Filter>
  </ItemGroup>
  <ItemGroup>
    <ClInclude Include="vpx_config.h">
      <Filter>Header Files</Filter>
    </ClInclude>
    <ClInclude Include="..\vpx\internal\vpx_codec_internal.h">
      <Filter>Header Files\libvpx\vpx</Filter>
    </ClInclude>
    <ClInclude Include="..\vpx_mem\vpx_mem.h">
      <Filter>Header Files\libvpx\vpx_mem</Filter>
    </ClInclude>
    <ClInclude Include="..\vpx_mem\include\vpx_mem_intrnl.h">
      <Filter>Header Files\libvpx\vpx_mem</Filter>
    </ClInclude>
    <ClInclude Include="..\vpx_scale\vpx_scale.h">
      <Filter>Header Files\libvpx\vpx_scale</Filter>
    </ClInclude>
    <ClInclude Include="..\vpx_scale\yv12config.h">
      <Filter>Header Files\libvpx\vpx_scale</Filter>
    </ClInclude>
    <ClInclude Include="..\vpx_ports\emmintrin_compat.h">
      <Filter>Header Files\libvpx\vpx_ports</Filter>
    </ClInclude>
    <ClInclude Include="..\vpx_ports\mem.h">
      <Filter>Header Files\libvpx\vpx_ports</Filter>
    </ClInclude>
    <ClInclude Include="..\vpx_ports\mem_ops.h">
      <Filter>Header Files\libvpx\vpx_ports</Filter>
    </ClInclude>
    <ClInclude Include="..\vpx_ports\mem_ops_aligned.h">
      <Filter>Header Files\libvpx\vpx_ports</Filter>
    </ClInclude>
    <ClInclude Include="..\vpx_ports\vpx_once.h">
      <Filter>Header Files\libvpx\vpx_ports</Filter>
    </ClInclude>
    <ClInclude Include="..\vpx_ports\vpx_timer.h">
      <Filter>Header Files\libvpx\vpx_ports</Filter>
    </ClInclude>
    <ClInclude Include="..\vpx_ports\x86.h">
      <Filter>Header Files\libvpx\vpx_ports</Filter>
    </ClInclude>
    <ClInclude Include="..\vp8\common\alloccommon.h">
      <Filter>Header Files\libvpx\vp8\common</Filter>
    </ClInclude>
    <ClInclude Include="..\vp8\common\blockd.h">
      <Filter>Header Files\libvpx\vp8\common</Filter>
    </ClInclude>
    <ClInclude Include="..\vp8\common\entropy.h">
      <Filter>Header Files\libvpx\vp8\common</Filter>
    </ClInclude>
    <ClInclude Include="..\vp8\common\entropymode.h">
      <Filter>Header Files\libvpx\vp8\common</Filter>
    </ClInclude>
    <ClInclude Include="..\vp8\common\entropymv.h">
      <Filter>Header Files\libvpx\vp8\common</Filter>
    </ClInclude>
    <ClInclude Include="..\vp8\common\extend.h">
      <Filter>Header Files\libvpx\vp8\common</Filter>
    </ClInclude>
    <ClInclude Include="..\vp8\common\filter.h">
      <Filter>Header Files\libvpx\vp8\common</Filter>
    </ClInclude>
    <ClInclude Include="..\vp8\common\findnearmv.h">
      <Filter>Header Files\libvpx\vp8\common</Filter>
    </ClInclude>
    <ClInclude Include="..\vp8\common\header.h">
      <Filter>Header Files\libvpx\vp8\common</Filter>
    </ClInclude>
    <ClInclude Include="..\vp8\common\loopfilter.h">
      <Filter>Header Files\libvpx\vp8\common</Filter>
    </ClInclude>
    <ClInclude Include="..\vp8\common\modecont.h">
      <Filter>Header Files\libvpx\vp8\common</Filter>
    </ClInclude>
    <ClInclude Include="..\vp8\common\postproc.h">
      <Filter>Header Files\libvpx\vp8\common</Filter>
    </ClInclude>
    <ClInclude Include="..\vp8\common\quant_common.h">
      <Filter>Header Files\libvpx\vp8\common</Filter>
    </ClInclude>
    <ClInclude Include="..\vp8\common\reconinter.h">
      <Filter>Header Files\libvpx\vp8\common</Filter>
    </ClInclude>
    <ClInclude Include="..\vp8\common\reconintra4x4.h">
      <Filter>Header Files\libvpx\vp8\common</Filter>
    </ClInclude>
    <ClInclude Include="..\vp8\common\setupintrarecon.h">
      <Filter>Header Files\libvpx\vp8\common</Filter>
    </ClInclude>
    <ClInclude Include="..\vp8\common\swapyv12buffer.h">
      <Filter>Header Files\libvpx\vp8\common</Filter>
    </ClInclude>
    <ClInclude Include="..\vp8\common\treecoder.h">
      <Filter>Header Files\libvpx\vp8\common</Filter>
    </ClInclude>
    <ClInclude Include="..\vp8\encoder\bitstream.h">
      <Filter>Header Files\libvpx\vp8\encoder</Filter>
    </ClInclude>
    <ClInclude Include="..\vp8\encoder\block.h">
      <Filter>Header Files\libvpx\vp8\encoder</Filter>
    </ClInclude>
    <ClInclude Include="..\vp8\encoder\boolhuff.h">
      <Filter>Header Files\libvpx\vp8\encoder</Filter>
    </ClInclude>
    <ClInclude Include="..\vp8\encoder\dct_value_cost.h">
      <Filter>Header Files\libvpx\vp8\encoder</Filter>
    </ClInclude>
    <ClInclude Include="..\vp8\encoder\dct_value_tokens.h">
      <Filter>Header Files\libvpx\vp8\encoder</Filter>
    </ClInclude>
    <ClInclude Include="..\vp8\encoder\defaultcoefcounts.h">
      <Filter>Header Files\libvpx\vp8\encoder</Filter>
    </ClInclude>
    <ClInclude Include="..\vp8\encoder\denoising.h">
      <Filter>Header Files\libvpx\vp8\encoder</Filter>
    </ClInclude>
    <ClInclude Include="..\vp8\encoder\encodeframe.h">
      <Filter>Header Files\libvpx\vp8\encoder</Filter>
    </ClInclude>
    <ClInclude Include="..\vp8\encoder\encodeintra.h">
      <Filter>Header Files\libvpx\vp8\encoder</Filter>
    </ClInclude>
    <ClInclude Include="..\vp8\encoder\encodemb.h">
      <Filter>Header Files\libvpx\vp8\encoder</Filter>
    </ClInclude>
    <ClInclude Include="..\vp8\encoder\encodemv.h">
      <Filter>Header Files\libvpx\vp8\encoder</Filter>
    </ClInclude>
    <ClInclude Include="..\vp8\encoder\firstpass.h">
      <Filter>Header Files\libvpx\vp8\encoder</Filter>
    </ClInclude>
    <ClInclude Include="..\vp8\encoder\lookahead.h">
      <Filter>Header Files\libvpx\vp8\encoder</Filter>
    </ClInclude>
    <ClInclude Include="..\vp8\encoder\mcomp.h">
      <Filter>Header Files\libvpx\vp8\encoder</Filter>
    </ClInclude>
    <ClInclude Include="..\vp8\encoder\modecosts.h">
      <Filter>Header Files\libvpx\vp8\encoder</Filter>
    </ClInclude>
    <ClInclude Include="..\vp8\encoder\onyx_int.h">
      <Filter>Header Files\libvpx\vp8\encoder</Filter>
    </ClInclude>
    <ClInclude Include="..\vp8\encoder\pickinter.h">
      <Filter>Header Files\libvpx\vp8\encoder</Filter>
    </ClInclude>
    <ClInclude Include="..\vp8\encoder\quantize.h">
      <Filter>Header Files\libvpx\vp8\encoder</Filter>
    </ClInclude>
    <ClInclude Include="..\vp8\encoder\ratectrl.h">
      <Filter>Header Files\libvpx\vp8\encoder</Filter>
    </ClInclude>
    <ClInclude Include="..\vp8\encoder\rdopt.h">
      <Filter>Header Files\libvpx\vp8\encoder</Filter>
    </ClInclude>
    <ClInclude Include="..\vp8\encoder\segmentation.h">
      <Filter>Header Files\libvpx\vp8\encoder</Filter>
    </ClInclude>
    <ClInclude Include="..\vp8\encoder\tokenize.h">
      <Filter>Header Files\libvpx\vp8\encoder</Filter>
    </ClInclude>
    <ClInclude Include="..\vp8\encoder\treewriter.h">
      <Filter>Header Files\libvpx\vp8\encoder</Filter>
    </ClInclude>
    <ClInclude Include="..\vp8\decoder\dboolhuff.h">
      <Filter>Header Files\libvpx\vp8\decoder</Filter>
    </ClInclude>
    <ClInclude Include="..\vp8\decoder\decodemv.h">
      <Filter>Header Files\libvpx\vp8\decoder</Filter>
    </ClInclude>
    <ClInclude Include="..\vp8\decoder\decoderthreading.h">
      <Filter>Header Files\libvpx\vp8\decoder</Filter>
    </ClInclude>
    <ClInclude Include="..\vp8\decoder\detokenize.h">
      <Filter>Header Files\libvpx\vp8\decoder</Filter>
    </ClInclude>
    <ClInclude Include="..\vp8\decoder\onyxd_int.h">
      <Filter>Header Files\libvpx\vp8\decoder</Filter>
    </ClInclude>
    <ClInclude Include="..\vp8\decoder\treereader.h">
      <Filter>Header Files\libvpx\vp8\decoder</Filter>
    </ClInclude>
    <ClInclude Include="..\vp9\common\vp9_alloccommon.h">
      <Filter>Header Files\libvpx\vp9\common</Filter>
    </ClInclude>
    <ClInclude Include="..\vp9\common\vp9_blockd.h">
      <Filter>Header Files\libvpx\vp9\common</Filter>
    </ClInclude>
    <ClInclude Include="..\vp9\common\vp9_common.h">
      <Filter>Header Files\libvpx\vp9\common</Filter>
    </ClInclude>
    <ClInclude Include="..\vp9\common\vp9_common_data.h">
      <Filter>Header Files\libvpx\vp9\common</Filter>
    </ClInclude>
    <ClInclude Include="..\vp9\common\vp9_entropy.h">
      <Filter>Header Files\libvpx\vp9\common</Filter>
    </ClInclude>
    <ClInclude Include="..\vp9\common\vp9_entropymode.h">
      <Filter>Header Files\libvpx\vp9\common</Filter>
    </ClInclude>
    <ClInclude Include="..\vp9\common\vp9_entropymv.h">
      <Filter>Header Files\libvpx\vp9\common</Filter>
    </ClInclude>
    <ClInclude Include="..\vp9\common\vp9_enums.h">
      <Filter>Header Files\libvpx\vp9\common</Filter>
    </ClInclude>
    <ClInclude Include="..\vp9\common\vp9_filter.h">
      <Filter>Header Files\libvpx\vp9\common</Filter>
    </ClInclude>
    <ClInclude Include="..\vp9\common\vp9_idct.h">
      <Filter>Header Files\libvpx\vp9\common</Filter>
    </ClInclude>
    <ClInclude Include="..\vp9\common\vp9_loopfilter.h">
      <Filter>Header Files\libvpx\vp9\common</Filter>
    </ClInclude>
    <ClInclude Include="..\vp9\common\vp9_mv.h">
      <Filter>Header Files\libvpx\vp9\common</Filter>
    </ClInclude>
    <ClInclude Include="..\vp9\common\vp9_mvref_common.h">
      <Filter>Header Files\libvpx\vp9\common</Filter>
    </ClInclude>
    <ClInclude Include="..\vp9\common\vp9_ppflags.h">
      <Filter>Header Files\libvpx\vp9\common</Filter>
    </ClInclude>
    <ClInclude Include="..\vp9\common\vp9_pred_common.h">
      <Filter>Header Files\libvpx\vp9\common</Filter>
    </ClInclude>
    <ClInclude Include="..\vp9\common\vp9_quant_common.h">
      <Filter>Header Files\libvpx\vp9\common</Filter>
    </ClInclude>
    <ClInclude Include="..\vp9\common\vp9_reconinter.h">
      <Filter>Header Files\libvpx\vp9\common</Filter>
    </ClInclude>
    <ClInclude Include="..\vp9\common\vp9_reconintra.h">
      <Filter>Header Files\libvpx\vp9\common</Filter>
    </ClInclude>
    <ClInclude Include="..\vp9\common\vp9_scale.h">
      <Filter>Header Files\libvpx\vp9\common</Filter>
    </ClInclude>
    <ClInclude Include="..\vp9\common\vp9_scan.h">
      <Filter>Header Files\libvpx\vp9\common</Filter>
    </ClInclude>
    <ClInclude Include="..\vp9\common\vp9_seg_common.h">
      <Filter>Header Files\libvpx\vp9\common</Filter>
    </ClInclude>
    <ClInclude Include="..\vp9\common\vp9_tile_common.h">
      <Filter>Header Files\libvpx\vp9\common</Filter>
    </ClInclude>
    <ClInclude Include="..\vp9\vp9_iface_common.h">
      <Filter>Header Files\libvpx\vp9</Filter>
    </ClInclude>
    <ClInclude Include="..\vp9\encoder\vp9_bitstream.h">
      <Filter>Header Files\libvpx\vp9\encoder</Filter>
    </ClInclude>
    <ClInclude Include="..\vp9\encoder\vp9_block.h">
      <Filter>Header Files\libvpx\vp9\encoder</Filter>
    </ClInclude>
    <ClInclude Include="..\vp9\encoder\vp9_encodeframe.h">
      <Filter>Header Files\libvpx\vp9\encoder</Filter>
    </ClInclude>
    <ClInclude Include="..\vp9\encoder\vp9_encodemb.h">
      <Filter>Header Files\libvpx\vp9\encoder</Filter>
    </ClInclude>
    <ClInclude Include="..\vp9\encoder\vp9_encodemv.h">
      <Filter>Header Files\libvpx\vp9\encoder</Filter>
    </ClInclude>
    <ClInclude Include="..\vp9\encoder\vp9_firstpass.h">
      <Filter>Header Files\libvpx\vp9\encoder</Filter>
    </ClInclude>
    <ClInclude Include="..\vp9\encoder\vp9_lookahead.h">
      <Filter>Header Files\libvpx\vp9\encoder</Filter>
    </ClInclude>
    <ClInclude Include="..\vp9\encoder\vp9_mbgraph.h">
      <Filter>Header Files\libvpx\vp9\encoder</Filter>
    </ClInclude>
    <ClInclude Include="..\vp9\encoder\vp9_mcomp.h">
      <Filter>Header Files\libvpx\vp9\encoder</Filter>
    </ClInclude>
    <ClInclude Include="..\vp9\encoder\vp9_picklpf.h">
      <Filter>Header Files\libvpx\vp9\encoder</Filter>
    </ClInclude>
    <ClInclude Include="..\vp9\encoder\vp9_quantize.h">
      <Filter>Header Files\libvpx\vp9\encoder</Filter>
    </ClInclude>
    <ClInclude Include="..\vp9\encoder\vp9_ratectrl.h">
      <Filter>Header Files\libvpx\vp9\encoder</Filter>
    </ClInclude>
    <ClInclude Include="..\vp9\encoder\vp9_rdopt.h">
      <Filter>Header Files\libvpx\vp9\encoder</Filter>
    </ClInclude>
    <ClInclude Include="..\vp9\encoder\vp9_segmentation.h">
      <Filter>Header Files\libvpx\vp9\encoder</Filter>
    </ClInclude>
    <ClInclude Include="..\vp9\encoder\vp9_subexp.h">
      <Filter>Header Files\libvpx\vp9\encoder</Filter>
    </ClInclude>
    <ClInclude Include="..\vp9\encoder\vp9_temporal_filter.h">
      <Filter>Header Files\libvpx\vp9\encoder</Filter>
    </ClInclude>
    <ClInclude Include="..\vp9\encoder\vp9_tokenize.h">
      <Filter>Header Files\libvpx\vp9\encoder</Filter>
    </ClInclude>
    <ClInclude Include="..\vp9\encoder\vp9_treewriter.h">
      <Filter>Header Files\libvpx\vp9\encoder</Filter>
    </ClInclude>
    <ClInclude Include="..\vp9\decoder\vp9_decodemv.h">
      <Filter>Header Files\libvpx\vp9\decoder</Filter>
    </ClInclude>
    <ClInclude Include="..\vp9\decoder\vp9_detokenize.h">
      <Filter>Header Files\libvpx\vp9\decoder</Filter>
    </ClInclude>
    <ClInclude Include="..\vp9\decoder\vp9_dsubexp.h">
      <Filter>Header Files\libvpx\vp9\decoder</Filter>
    </ClInclude>
    <ClInclude Include="vpx_version.h">
      <Filter>Header Files</Filter>
    </ClInclude>
    <ClInclude Include="x86_64\vp9_rtcd.h">
      <Filter>Header Files\x86_64</Filter>
    </ClInclude>
    <ClInclude Include="x86_64\vpx_scale_rtcd.h">
      <Filter>Header Files\x86_64</Filter>
    </ClInclude>
    <ClInclude Include="x86_64\vp8_rtcd.h">
      <Filter>Header Files\x86_64</Filter>
    </ClInclude>
    <ClInclude Include="x86\vp8_rtcd.h">
      <Filter>Header Files\x86</Filter>
    </ClInclude>
    <ClInclude Include="x86\vp9_rtcd.h">
      <Filter>Header Files\x86</Filter>
    </ClInclude>
    <ClInclude Include="x86\vpx_scale_rtcd.h">
      <Filter>Header Files\x86</Filter>
    </ClInclude>
    <ClInclude Include="..\vp9\common\vp9_frame_buffers.h">
      <Filter>Header Files\libvpx\vp9\common</Filter>
    </ClInclude>
    <ClInclude Include="..\vp9\common\vp9_mfqe.h">
      <Filter>Header Files\libvpx\vp9\common</Filter>
    </ClInclude>
    <ClInclude Include="..\vp9\common\vp9_thread_common.h">
      <Filter>Header Files\libvpx\vp9\common</Filter>
    </ClInclude>
    <ClInclude Include="..\vp9\decoder\vp9_decodeframe.h">
      <Filter>Header Files\libvpx\vp9\decoder</Filter>
    </ClInclude>
    <ClInclude Include="..\vp9\decoder\vp9_decoder.h">
      <Filter>Header Files\libvpx\vp9\decoder</Filter>
    </ClInclude>
    <ClInclude Include="..\vp9\encoder\vp9_aq_variance.h">
      <Filter>Header Files\libvpx\vp9\encoder</Filter>
    </ClInclude>
    <ClInclude Include="..\vp9\encoder\vp9_aq_complexity.h">
      <Filter>Header Files\libvpx\vp9\encoder</Filter>
    </ClInclude>
    <ClInclude Include="..\vp9\encoder\vp9_aq_cyclicrefresh.h">
      <Filter>Header Files\libvpx\vp9\encoder</Filter>
    </ClInclude>
    <ClInclude Include="..\vp9\encoder\vp9_cost.h">
      <Filter>Header Files\libvpx\vp9\encoder</Filter>
    </ClInclude>
    <ClInclude Include="..\vp9\encoder\vp9_context_tree.h">
      <Filter>Header Files\libvpx\vp9\encoder</Filter>
    </ClInclude>
    <ClInclude Include="..\vp9\encoder\vp9_denoiser.h">
      <Filter>Header Files\libvpx\vp9\encoder</Filter>
    </ClInclude>
    <ClInclude Include="..\vp9\encoder\vp9_extend.h">
      <Filter>Header Files\libvpx\vp9\encoder</Filter>
    </ClInclude>
    <ClInclude Include="..\vp9\encoder\vp9_encoder.h">
      <Filter>Header Files\libvpx\vp9\encoder</Filter>
    </ClInclude>
    <ClInclude Include="..\vp9\encoder\vp9_ethread.h">
      <Filter>Header Files\libvpx\vp9\encoder</Filter>
    </ClInclude>
    <ClInclude Include="..\vp9\encoder\vp9_pickmode.h">
      <Filter>Header Files\libvpx\vp9\encoder</Filter>
    </ClInclude>
    <ClInclude Include="..\vp9\encoder\vp9_rd.h">
      <Filter>Header Files\libvpx\vp9\encoder</Filter>
    </ClInclude>
    <ClInclude Include="..\vp9\encoder\vp9_resize.h">
      <Filter>Header Files\libvpx\vp9\encoder</Filter>
    </ClInclude>
    <ClInclude Include="..\vp9\encoder\vp9_speed_features.h">
      <Filter>Header Files\libvpx\vp9\encoder</Filter>
    </ClInclude>
    <ClInclude Include="..\vp9\encoder\vp9_skin_detection.h">
      <Filter>Header Files\libvpx\vp9\encoder</Filter>
    </ClInclude>
    <ClInclude Include="..\vp9\encoder\vp9_svc_layercontext.h">
      <Filter>Header Files\libvpx\vp9\encoder</Filter>
    </ClInclude>
    <ClInclude Include="x86\vpx_dsp_rtcd.h">
      <Filter>Header Files\x86</Filter>
    </ClInclude>
    <ClInclude Include="x86_64\vpx_dsp_rtcd.h">
      <Filter>Header Files\x86_64</Filter>
    </ClInclude>
    <ClInclude Include="..\vp8\common\reconintra.h">
      <Filter>Header Files\libvpx\vp8\common</Filter>
    </ClInclude>
    <ClInclude Include="..\vp9\vp9_dx_iface.h">
      <Filter>Header Files\libvpx\vp9</Filter>
    </ClInclude>
    <ClInclude Include="..\vpx_dsp\x86\convolve.h">
      <Filter>Header Files\libvpx\vpx_dsp\x86</Filter>
    </ClInclude>
    <ClInclude Include="..\vpx_dsp\x86\fwd_dct32x32_impl_avx2.h">
      <Filter>Header Files\libvpx\vpx_dsp\x86</Filter>
    </ClInclude>
    <ClInclude Include="..\vpx_dsp\x86\fwd_dct32x32_impl_sse2.h">
      <Filter>Header Files\libvpx\vpx_dsp\x86</Filter>
    </ClInclude>
    <ClInclude Include="..\vpx_dsp\x86\fwd_txfm_impl_sse2.h">
      <Filter>Header Files\libvpx\vpx_dsp\x86</Filter>
    </ClInclude>
    <ClInclude Include="..\vpx_dsp\x86\fwd_txfm_sse2.h">
      <Filter>Header Files\libvpx\vpx_dsp\x86</Filter>
    </ClInclude>
    <ClInclude Include="..\vpx_dsp\x86\inv_txfm_sse2.h">
      <Filter>Header Files\libvpx\vpx_dsp\x86</Filter>
    </ClInclude>
    <ClInclude Include="..\vpx_dsp\x86\txfm_common_sse2.h">
      <Filter>Header Files\libvpx\vpx_dsp\x86</Filter>
    </ClInclude>
    <ClInclude Include="..\vpx_dsp\bitreader.h">
      <Filter>Header Files\libvpx\vpx_dsp</Filter>
    </ClInclude>
    <ClInclude Include="..\vpx_dsp\bitreader_buffer.h">
      <Filter>Header Files\libvpx\vpx_dsp</Filter>
    </ClInclude>
    <ClInclude Include="..\vpx_dsp\bitwriter.h">
      <Filter>Header Files\libvpx\vpx_dsp</Filter>
    </ClInclude>
    <ClInclude Include="..\vpx_dsp\bitwriter_buffer.h">
      <Filter>Header Files\libvpx\vpx_dsp</Filter>
    </ClInclude>
    <ClInclude Include="..\vpx_dsp\fwd_txfm.h">
      <Filter>Header Files\libvpx\vpx_dsp</Filter>
    </ClInclude>
    <ClInclude Include="..\vpx_dsp\inv_txfm.h">
      <Filter>Header Files\libvpx\vpx_dsp</Filter>
    </ClInclude>
    <ClInclude Include="..\vpx_dsp\prob.h">
      <Filter>Header Files\libvpx\vpx_dsp</Filter>
    </ClInclude>
    <ClInclude Include="..\vpx_dsp\quantize.h">
      <Filter>Header Files\libvpx\vpx_dsp</Filter>
    </ClInclude>
    <ClInclude Include="..\vpx_dsp\txfm_common.h">
      <Filter>Header Files\libvpx\vpx_dsp</Filter>
    </ClInclude>
    <ClInclude Include="..\vpx_dsp\variance.h">
      <Filter>Header Files\libvpx\vpx_dsp</Filter>
    </ClInclude>
    <ClInclude Include="..\vpx_dsp\vpx_convolve.h">
      <Filter>Header Files\libvpx\vpx_dsp</Filter>
    </ClInclude>
    <ClInclude Include="..\vpx_dsp\vpx_dsp_common.h">
      <Filter>Header Files\libvpx\vpx_dsp</Filter>
    </ClInclude>
    <ClInclude Include="..\vpx_dsp\vpx_filter.h">
      <Filter>Header Files\libvpx\vpx_dsp</Filter>
    </ClInclude>
    <ClInclude Include="..\vpx_ports\bitops.h">
      <Filter>Header Files\libvpx\vpx_ports</Filter>
    </ClInclude>
    <ClInclude Include="..\vpx_ports\msvc.h">
      <Filter>Header Files\libvpx\vpx_ports</Filter>
    </ClInclude>
    <ClInclude Include="..\vpx_ports\system_state.h">
      <Filter>Header Files\libvpx\vpx_ports</Filter>
    </ClInclude>
    <ClInclude Include="..\vpx_util\endian_inl.h">
      <Filter>Header Files\libvpx\vpx_util</Filter>
    </ClInclude>
    <ClInclude Include="..\vpx_util\vpx_thread.h">
      <Filter>Header Files\libvpx\vpx_util</Filter>
    </ClInclude>
    <ClInclude Include="..\vp9\encoder\vp9_aq_360.h">
      <Filter>Header Files\libvpx\vp9\encoder</Filter>
    </ClInclude>
    <ClInclude Include="..\vp9\encoder\vp9_noise_estimate.h">
      <Filter>Header Files\libvpx\vp9\encoder</Filter>
    </ClInclude>
    <ClInclude Include="..\vp9\encoder\vp9_alt_ref_aq.h">
      <Filter>Header Files\libvpx\vp9\encoder</Filter>
    </ClInclude>
    <ClInclude Include="..\vpx_dsp\psnr.h">
      <Filter>Header Files\libvpx\vpx_dsp</Filter>
    </ClInclude>
    <ClInclude Include="..\vpx_dsp\postproc.h">
      <Filter>Header Files\libvpx\vpx_dsp</Filter>
    </ClInclude>
    <ClInclude Include="..\vp8\encoder\ethreading.h">
      <Filter>Header Files\libvpx\vp8\encoder</Filter>
    </ClInclude>
    <ClInclude Include="..\vp8\encoder\picklpf.h">
      <Filter>Header Files\libvpx\vp8\encoder</Filter>
    </ClInclude>
    <ClInclude Include="..\vp8\common\vp8_skin_detection.h">
      <Filter>Header Files\libvpx\vp8\common</Filter>
    </ClInclude>
    <ClInclude Include="..\vp8\encoder\temporal_filter.h">
      <Filter>Header Files\libvpx\vp8\encoder</Filter>
    </ClInclude>
    <ClInclude Include="..\vp9\encoder\vp9_job_queue.h">
      <Filter>Header Files\libvpx\vp9\encoder</Filter>
    </ClInclude>
    <ClInclude Include="..\vp9\encoder\vp9_multi_thread.h">
      <Filter>Header Files\libvpx\vp9\encoder</Filter>
    </ClInclude>
    <ClInclude Include="..\vpx_dsp\x86\bitdepth_conversion_avx2.h">
      <Filter>Header Files\libvpx\vpx_dsp\x86</Filter>
    </ClInclude>
    <ClInclude Include="..\vpx_dsp\x86\bitdepth_conversion_sse2.h">
      <Filter>Header Files\libvpx\vpx_dsp\x86</Filter>
    </ClInclude>
    <ClInclude Include="..\vpx_dsp\x86\convolve_avx2.h">
      <Filter>Header Files\libvpx\vpx_dsp\x86</Filter>
    </ClInclude>
    <ClInclude Include="..\vpx_dsp\x86\convolve_ssse3.h">
      <Filter>Header Files\libvpx\vpx_dsp\x86</Filter>
    </ClInclude>
    <ClInclude Include="..\vpx_dsp\x86\inv_txfm_ssse3.h">
      <Filter>Header Files\libvpx\vpx_dsp\x86</Filter>
    </ClInclude>
    <ClInclude Include="..\vpx_dsp\x86\highbd_inv_txfm_sse2.h">
      <Filter>Header Files\libvpx\vpx_dsp\x86</Filter>
    </ClInclude>
    <ClInclude Include="..\vpx_dsp\x86\highbd_inv_txfm_sse4.h">
      <Filter>Header Files\libvpx\vpx_dsp\x86</Filter>
    </ClInclude>
    <ClInclude Include="..\vpx_dsp\x86\mem_sse2.h">
      <Filter>Header Files\libvpx\vpx_dsp\x86</Filter>
    </ClInclude>
    <ClInclude Include="..\vpx_dsp\x86\transpose_sse2.h">
      <Filter>Header Files\libvpx\vpx_dsp\x86</Filter>
    </ClInclude>
    <ClInclude Include="..\vpx_dsp\skin_detection.h">
      <Filter>Header Files\libvpx\vpx_dsp</Filter>
    </ClInclude>
    <ClInclude Include="..\vpx_util\vpx_atomics.h">
      <Filter>Header Files\libvpx\vpx_util</Filter>
    </ClInclude>
    <ClInclude Include="..\vpx_util\vpx_write_yuv_frame.h">
      <Filter>Header Files\libvpx\vpx_util</Filter>
    </ClInclude>
    <ClInclude Include="..\vp9\encoder\vp9_blockiness.h">
      <Filter>Header Files\libvpx\vp9\encoder</Filter>
    </ClInclude>
    <ClInclude Include="..\vp9\encoder\vp9_partition_models.h">
      <Filter>Header Files\libvpx\vp9\encoder</Filter>
    </ClInclude>
    <ClInclude Include="..\vpx_dsp\x86\convolve_sse2.h">
      <Filter>Header Files\libvpx\vpx_dsp\x86</Filter>
    </ClInclude>
    <ClInclude Include="..\vpx_dsp\x86\quantize_sse2.h">
      <Filter>Header Files\libvpx\vpx_dsp\x86</Filter>
    </ClInclude>
    <ClInclude Include="..\vpx_dsp\x86\quantize_ssse3.h">
      <Filter>Header Files\libvpx\vpx_dsp\x86</Filter>
    </ClInclude>
    <ClInclude Include="..\vp9\decoder\vp9_job_queue.h">
      <Filter>Header Files\libvpx\vp9\decoder</Filter>
    </ClInclude>
    <ClInclude Include="..\vpx_util\vpx_timestamp.h">
      <Filter>Header Files\libvpx\vpx_util</Filter>
    </ClInclude>
  </ItemGroup>
  <ItemGroup>
    <ClCompile Include="..\vpx\src\vpx_encoder.c">
      <Filter>Source Files\libvpx\vpx</Filter>
    </ClCompile>
    <ClCompile Include="..\vpx\src\vpx_image.c">
      <Filter>Source Files\libvpx\vpx</Filter>
    </ClCompile>
    <ClCompile Include="..\vpx\src\vpx_codec.c">
      <Filter>Source Files\libvpx\vpx</Filter>
    </ClCompile>
    <ClCompile Include="..\vpx\src\vpx_decoder.c">
      <Filter>Source Files\libvpx\vpx</Filter>
    </ClCompile>
    <ClCompile Include="..\vpx_mem\vpx_mem.c">
      <Filter>Source Files\libvpx\vpx_mem</Filter>
    </ClCompile>
    <ClCompile Include="..\vpx_scale\generic\yv12config.c">
      <Filter>Source Files\libvpx\vpx_scale\generic</Filter>
    </ClCompile>
    <ClCompile Include="..\vpx_scale\generic\yv12extend.c">
      <Filter>Source Files\libvpx\vpx_scale\generic</Filter>
    </ClCompile>
    <ClCompile Include="..\vpx_scale\generic\gen_scalers.c">
      <Filter>Source Files\libvpx\vpx_scale\generic</Filter>
    </ClCompile>
    <ClCompile Include="..\vpx_scale\generic\vpx_scale.c">
      <Filter>Source Files\libvpx\vpx_scale\generic</Filter>
    </ClCompile>
    <ClCompile Include="..\vpx_scale\vpx_scale_rtcd.c">
      <Filter>Source Files\libvpx\vpx_scale</Filter>
    </ClCompile>
    <ClCompile Include="..\vp8\common\reconintra.c">
      <Filter>Source Files\libvpx\vp8\common</Filter>
    </ClCompile>
    <ClCompile Include="..\vp8\common\reconintra4x4.c">
      <Filter>Source Files\libvpx\vp8\common</Filter>
    </ClCompile>
    <ClCompile Include="..\vp8\common\rtcd.c">
      <Filter>Source Files\libvpx\vp8\common</Filter>
    </ClCompile>
    <ClCompile Include="..\vp8\common\setupintrarecon.c">
      <Filter>Source Files\libvpx\vp8\common</Filter>
    </ClCompile>
    <ClCompile Include="..\vp8\common\swapyv12buffer.c">
      <Filter>Source Files\libvpx\vp8\common</Filter>
    </ClCompile>
    <ClCompile Include="..\vp8\common\treecoder.c">
      <Filter>Source Files\libvpx\vp8\common</Filter>
    </ClCompile>
    <ClCompile Include="..\vp8\common\alloccommon.c">
      <Filter>Source Files\libvpx\vp8\common</Filter>
    </ClCompile>
    <ClCompile Include="..\vp8\common\blockd.c">
      <Filter>Source Files\libvpx\vp8\common</Filter>
    </ClCompile>
    <ClCompile Include="..\vp8\common\debugmodes.c">
      <Filter>Source Files\libvpx\vp8\common</Filter>
    </ClCompile>
    <ClCompile Include="..\vp8\common\dequantize.c">
      <Filter>Source Files\libvpx\vp8\common</Filter>
    </ClCompile>
    <ClCompile Include="..\vp8\common\entropy.c">
      <Filter>Source Files\libvpx\vp8\common</Filter>
    </ClCompile>
    <ClCompile Include="..\vp8\common\entropymode.c">
      <Filter>Source Files\libvpx\vp8\common</Filter>
    </ClCompile>
    <ClCompile Include="..\vp8\common\entropymv.c">
      <Filter>Source Files\libvpx\vp8\common</Filter>
    </ClCompile>
    <ClCompile Include="..\vp8\common\extend.c">
      <Filter>Source Files\libvpx\vp8\common</Filter>
    </ClCompile>
    <ClCompile Include="..\vp8\common\filter.c">
      <Filter>Source Files\libvpx\vp8\common</Filter>
    </ClCompile>
    <ClCompile Include="..\vp8\common\findnearmv.c">
      <Filter>Source Files\libvpx\vp8\common</Filter>
    </ClCompile>
    <ClCompile Include="..\vp8\common\idct_blk.c">
      <Filter>Source Files\libvpx\vp8\common</Filter>
    </ClCompile>
    <ClCompile Include="..\vp8\common\idctllm.c">
      <Filter>Source Files\libvpx\vp8\common</Filter>
    </ClCompile>
    <ClCompile Include="..\vp8\common\loopfilter_filters.c">
      <Filter>Source Files\libvpx\vp8\common</Filter>
    </ClCompile>
    <ClCompile Include="..\vp8\common\mbpitch.c">
      <Filter>Source Files\libvpx\vp8\common</Filter>
    </ClCompile>
    <ClCompile Include="..\vp8\common\mfqe.c">
      <Filter>Source Files\libvpx\vp8\common</Filter>
    </ClCompile>
    <ClCompile Include="..\vp8\common\modecont.c">
      <Filter>Source Files\libvpx\vp8\common</Filter>
    </ClCompile>
    <ClCompile Include="..\vp8\common\postproc.c">
      <Filter>Source Files\libvpx\vp8\common</Filter>
    </ClCompile>
    <ClCompile Include="..\vp8\common\quant_common.c">
      <Filter>Source Files\libvpx\vp8\common</Filter>
    </ClCompile>
    <ClCompile Include="..\vp8\common\reconinter.c">
      <Filter>Source Files\libvpx\vp8\common</Filter>
    </ClCompile>
    <ClCompile Include="..\vp8\common\generic\systemdependent.c">
      <Filter>Source Files\libvpx\vp8\common\generic</Filter>
    </ClCompile>
    <ClCompile Include="..\vp8\common\x86\idct_blk_mmx.c">
      <Filter>Source Files\libvpx\vp8\common\x86</Filter>
    </ClCompile>
    <ClCompile Include="..\vp8\common\x86\idct_blk_sse2.c">
      <Filter>Source Files\libvpx\vp8\common\x86</Filter>
    </ClCompile>
    <ClCompile Include="..\vp8\common\x86\loopfilter_x86.c">
      <Filter>Source Files\libvpx\vp8\common\x86</Filter>
    </ClCompile>
    <ClCompile Include="..\vp8\common\x86\vp8_asm_stubs.c">
      <Filter>Source Files\libvpx\vp8\common\x86</Filter>
    </ClCompile>
    <ClCompile Include="..\vp8\vp8_cx_iface.c">
      <Filter>Source Files\libvpx\vp8</Filter>
    </ClCompile>
    <ClCompile Include="..\vp8\vp8_dx_iface.c">
      <Filter>Source Files\libvpx\vp8</Filter>
    </ClCompile>
    <ClCompile Include="..\vp8\encoder\temporal_filter.c">
      <Filter>Source Files\libvpx\vp8\encoder</Filter>
    </ClCompile>
    <ClCompile Include="..\vp8\encoder\tokenize.c">
      <Filter>Source Files\libvpx\vp8\encoder</Filter>
    </ClCompile>
    <ClCompile Include="..\vp8\encoder\treewriter.c">
      <Filter>Source Files\libvpx\vp8\encoder</Filter>
    </ClCompile>
    <ClCompile Include="..\vp8\encoder\bitstream.c">
      <Filter>Source Files\libvpx\vp8\encoder</Filter>
    </ClCompile>
    <ClCompile Include="..\vp8\encoder\boolhuff.c">
      <Filter>Source Files\libvpx\vp8\encoder</Filter>
    </ClCompile>
    <ClCompile Include="..\vp8\encoder\dct.c">
      <Filter>Source Files\libvpx\vp8\encoder</Filter>
    </ClCompile>
    <ClCompile Include="..\vp8\encoder\denoising.c">
      <Filter>Source Files\libvpx\vp8\encoder</Filter>
    </ClCompile>
    <ClCompile Include="..\vp8\encoder\encodeframe.c">
      <Filter>Source Files\libvpx\vp8\encoder</Filter>
    </ClCompile>
    <ClCompile Include="..\vp8\encoder\encodeintra.c">
      <Filter>Source Files\libvpx\vp8\encoder</Filter>
    </ClCompile>
    <ClCompile Include="..\vp8\encoder\encodemb.c">
      <Filter>Source Files\libvpx\vp8\encoder</Filter>
    </ClCompile>
    <ClCompile Include="..\vp8\encoder\encodemv.c">
      <Filter>Source Files\libvpx\vp8\encoder</Filter>
    </ClCompile>
    <ClCompile Include="..\vp8\encoder\ethreading.c">
      <Filter>Source Files\libvpx\vp8\encoder</Filter>
    </ClCompile>
    <ClCompile Include="..\vp8\encoder\firstpass.c">
      <Filter>Source Files\libvpx\vp8\encoder</Filter>
    </ClCompile>
    <ClCompile Include="..\vp8\encoder\lookahead.c">
      <Filter>Source Files\libvpx\vp8\encoder</Filter>
    </ClCompile>
    <ClCompile Include="..\vp8\encoder\mcomp.c">
      <Filter>Source Files\libvpx\vp8\encoder</Filter>
    </ClCompile>
    <ClCompile Include="..\vp8\encoder\modecosts.c">
      <Filter>Source Files\libvpx\vp8\encoder</Filter>
    </ClCompile>
    <ClCompile Include="..\vp8\encoder\onyx_if.c">
      <Filter>Source Files\libvpx\vp8\encoder</Filter>
    </ClCompile>
    <ClCompile Include="..\vp8\encoder\pickinter.c">
      <Filter>Source Files\libvpx\vp8\encoder</Filter>
    </ClCompile>
    <ClCompile Include="..\vp8\encoder\picklpf.c">
      <Filter>Source Files\libvpx\vp8\encoder</Filter>
    </ClCompile>
    <ClCompile Include="..\vp8\encoder\ratectrl.c">
      <Filter>Source Files\libvpx\vp8\encoder</Filter>
    </ClCompile>
    <ClCompile Include="..\vp8\encoder\rdopt.c">
      <Filter>Source Files\libvpx\vp8\encoder</Filter>
    </ClCompile>
    <ClCompile Include="..\vp8\encoder\segmentation.c">
      <Filter>Source Files\libvpx\vp8\encoder</Filter>
    </ClCompile>
    <ClCompile Include="..\vp8\encoder\x86\vp8_enc_stubs_sse2.c">
      <Filter>Source Files\libvpx\vp8\encoder\x86</Filter>
    </ClCompile>
    <ClCompile Include="..\vp8\encoder\x86\denoising_sse2.c">
      <Filter>Source Files\libvpx\vp8\encoder\x86</Filter>
    </ClCompile>
    <ClCompile Include="..\vp8\decoder\onyxd_if.c">
      <Filter>Source Files\libvpx\vp8\decoder</Filter>
    </ClCompile>
    <ClCompile Include="..\vp8\decoder\threading.c">
      <Filter>Source Files\libvpx\vp8\decoder</Filter>
    </ClCompile>
    <ClCompile Include="..\vp8\decoder\dboolhuff.c">
      <Filter>Source Files\libvpx\vp8\decoder</Filter>
    </ClCompile>
    <ClCompile Include="..\vp8\decoder\decodemv.c">
      <Filter>Source Files\libvpx\vp8\decoder</Filter>
    </ClCompile>
    <ClCompile Include="..\vp8\decoder\detokenize.c">
      <Filter>Source Files\libvpx\vp8\decoder</Filter>
    </ClCompile>
    <ClCompile Include="..\vp9\common\vp9_reconinter.c">
      <Filter>Source Files\libvpx\vp9\common</Filter>
    </ClCompile>
    <ClCompile Include="..\vp9\common\vp9_reconintra.c">
      <Filter>Source Files\libvpx\vp9\common</Filter>
    </ClCompile>
    <ClCompile Include="..\vp9\common\vp9_rtcd.c">
      <Filter>Source Files\libvpx\vp9\common</Filter>
    </ClCompile>
    <ClCompile Include="..\vp9\common\vp9_scale.c">
      <Filter>Source Files\libvpx\vp9\common</Filter>
    </ClCompile>
    <ClCompile Include="..\vp9\common\vp9_scan.c">
      <Filter>Source Files\libvpx\vp9\common</Filter>
    </ClCompile>
    <ClCompile Include="..\vp9\common\vp9_seg_common.c">
      <Filter>Source Files\libvpx\vp9\common</Filter>
    </ClCompile>
    <ClCompile Include="..\vp9\common\vp9_tile_common.c">
      <Filter>Source Files\libvpx\vp9\common</Filter>
    </ClCompile>
    <ClCompile Include="..\vp9\common\vp9_alloccommon.c">
      <Filter>Source Files\libvpx\vp9\common</Filter>
    </ClCompile>
    <ClCompile Include="..\vp9\common\vp9_common_data.c">
      <Filter>Source Files\libvpx\vp9\common</Filter>
    </ClCompile>
    <ClCompile Include="..\vp9\common\vp9_debugmodes.c">
      <Filter>Source Files\libvpx\vp9\common</Filter>
    </ClCompile>
    <ClCompile Include="..\vp9\common\vp9_entropy.c">
      <Filter>Source Files\libvpx\vp9\common</Filter>
    </ClCompile>
    <ClCompile Include="..\vp9\common\vp9_entropymode.c">
      <Filter>Source Files\libvpx\vp9\common</Filter>
    </ClCompile>
    <ClCompile Include="..\vp9\common\vp9_entropymv.c">
      <Filter>Source Files\libvpx\vp9\common</Filter>
    </ClCompile>
    <ClCompile Include="..\vp9\common\vp9_filter.c">
      <Filter>Source Files\libvpx\vp9\common</Filter>
    </ClCompile>
    <ClCompile Include="..\vp9\common\vp9_idct.c">
      <Filter>Source Files\libvpx\vp9\common</Filter>
    </ClCompile>
    <ClCompile Include="..\vp9\common\vp9_loopfilter.c">
      <Filter>Source Files\libvpx\vp9\common</Filter>
    </ClCompile>
    <ClCompile Include="..\vp9\common\vp9_mvref_common.c">
      <Filter>Source Files\libvpx\vp9\common</Filter>
    </ClCompile>
    <ClCompile Include="..\vp9\common\vp9_pred_common.c">
      <Filter>Source Files\libvpx\vp9\common</Filter>
    </ClCompile>
    <ClCompile Include="..\vp9\common\vp9_quant_common.c">
      <Filter>Source Files\libvpx\vp9\common</Filter>
    </ClCompile>
    <ClCompile Include="..\vp9\common\x86\vp9_idct_intrin_sse2.c">
      <Filter>Source Files\libvpx\vp9\common\x86</Filter>
    </ClCompile>
    <ClCompile Include="..\vp9\vp9_dx_iface.c">
      <Filter>Source Files\libvpx\vp9</Filter>
    </ClCompile>
    <ClCompile Include="..\vp9\vp9_cx_iface.c">
      <Filter>Source Files\libvpx\vp9</Filter>
    </ClCompile>
    <ClCompile Include="..\vp9\encoder\vp9_rdopt.c">
      <Filter>Source Files\libvpx\vp9\encoder</Filter>
    </ClCompile>
    <ClCompile Include="..\vp9\encoder\vp9_segmentation.c">
      <Filter>Source Files\libvpx\vp9\encoder</Filter>
    </ClCompile>
    <ClCompile Include="..\vp9\encoder\vp9_subexp.c">
      <Filter>Source Files\libvpx\vp9\encoder</Filter>
    </ClCompile>
    <ClCompile Include="..\vp9\encoder\vp9_temporal_filter.c">
      <Filter>Source Files\libvpx\vp9\encoder</Filter>
    </ClCompile>
    <ClCompile Include="..\vp9\encoder\vp9_tokenize.c">
      <Filter>Source Files\libvpx\vp9\encoder</Filter>
    </ClCompile>
    <ClCompile Include="..\vp9\encoder\vp9_treewriter.c">
      <Filter>Source Files\libvpx\vp9\encoder</Filter>
    </ClCompile>
    <ClCompile Include="..\vp9\encoder\vp9_bitstream.c">
      <Filter>Source Files\libvpx\vp9\encoder</Filter>
    </ClCompile>
    <ClCompile Include="..\vp9\encoder\vp9_dct.c">
      <Filter>Source Files\libvpx\vp9\encoder</Filter>
    </ClCompile>
    <ClCompile Include="..\vp9\encoder\vp9_encodeframe.c">
      <Filter>Source Files\libvpx\vp9\encoder</Filter>
    </ClCompile>
    <ClCompile Include="..\vp9\encoder\vp9_encodemb.c">
      <Filter>Source Files\libvpx\vp9\encoder</Filter>
    </ClCompile>
    <ClCompile Include="..\vp9\encoder\vp9_encodemv.c">
      <Filter>Source Files\libvpx\vp9\encoder</Filter>
    </ClCompile>
    <ClCompile Include="..\vp9\encoder\vp9_firstpass.c">
      <Filter>Source Files\libvpx\vp9\encoder</Filter>
    </ClCompile>
    <ClCompile Include="..\vp9\encoder\vp9_lookahead.c">
      <Filter>Source Files\libvpx\vp9\encoder</Filter>
    </ClCompile>
    <ClCompile Include="..\vp9\encoder\vp9_mbgraph.c">
      <Filter>Source Files\libvpx\vp9\encoder</Filter>
    </ClCompile>
    <ClCompile Include="..\vp9\encoder\vp9_mcomp.c">
      <Filter>Source Files\libvpx\vp9\encoder</Filter>
    </ClCompile>
    <ClCompile Include="..\vp9\encoder\vp9_picklpf.c">
      <Filter>Source Files\libvpx\vp9\encoder</Filter>
    </ClCompile>
    <ClCompile Include="..\vp9\encoder\vp9_quantize.c">
      <Filter>Source Files\libvpx\vp9\encoder</Filter>
    </ClCompile>
    <ClCompile Include="..\vp9\encoder\vp9_ratectrl.c">
      <Filter>Source Files\libvpx\vp9\encoder</Filter>
    </ClCompile>
    <ClCompile Include="..\vp9\decoder\vp9_dsubexp.c">
      <Filter>Source Files\libvpx\vp9\decoder</Filter>
    </ClCompile>
    <ClCompile Include="..\vp9\decoder\vp9_decodemv.c">
      <Filter>Source Files\libvpx\vp9\decoder</Filter>
    </ClCompile>
    <ClCompile Include="..\vp9\decoder\vp9_detokenize.c">
      <Filter>Source Files\libvpx\vp9\decoder</Filter>
    </ClCompile>
    <ClCompile Include="vpx_config.c">
      <Filter>Source Files</Filter>
    </ClCompile>
    <ClCompile Include="..\vp8\decoder\decodeframe.c">
      <Filter>Source Files\libvpx\vp8\decoder</Filter>
    </ClCompile>
    <ClCompile Include="..\vp8\encoder\x86\quantize_sse4.c">
      <Filter>Source Files\libvpx\vp8\encoder\x86</Filter>
    </ClCompile>
    <ClCompile Include="..\vp9\common\vp9_blockd.c">
      <Filter>Source Files\libvpx\vp9\common</Filter>
    </ClCompile>
    <ClCompile Include="..\vp9\common\vp9_frame_buffers.c">
      <Filter>Source Files\libvpx\vp9\common</Filter>
    </ClCompile>
    <ClCompile Include="..\vp9\common\vp9_thread_common.c">
      <Filter>Source Files\libvpx\vp9\common</Filter>
    </ClCompile>
    <ClCompile Include="..\vp9\decoder\vp9_decodeframe.c">
      <Filter>Source Files\libvpx\vp9\decoder</Filter>
    </ClCompile>
    <ClCompile Include="..\vp9\decoder\vp9_decoder.c">
      <Filter>Source Files\libvpx\vp9\decoder</Filter>
    </ClCompile>
    <ClCompile Include="..\vp9\encoder\vp9_aq_complexity.c">
      <Filter>Source Files\libvpx\vp9\encoder</Filter>
    </ClCompile>
    <ClCompile Include="..\vp9\encoder\vp9_aq_cyclicrefresh.c">
      <Filter>Source Files\libvpx\vp9\encoder</Filter>
    </ClCompile>
    <ClCompile Include="..\vp9\encoder\vp9_aq_variance.c">
      <Filter>Source Files\libvpx\vp9\encoder</Filter>
    </ClCompile>
    <ClCompile Include="..\vp9\encoder\vp9_cost.c">
      <Filter>Source Files\libvpx\vp9\encoder</Filter>
    </ClCompile>
    <ClCompile Include="..\vp9\encoder\vp9_context_tree.c">
      <Filter>Source Files\libvpx\vp9\encoder</Filter>
    </ClCompile>
    <ClCompile Include="..\vp9\encoder\vp9_extend.c">
      <Filter>Source Files\libvpx\vp9\encoder</Filter>
    </ClCompile>
    <ClCompile Include="..\vp9\encoder\vp9_encoder.c">
      <Filter>Source Files\libvpx\vp9\encoder</Filter>
    </ClCompile>
    <ClCompile Include="..\vp9\encoder\vp9_ethread.c">
      <Filter>Source Files\libvpx\vp9\encoder</Filter>
    </ClCompile>
    <ClCompile Include="..\vp9\encoder\vp9_pickmode.c">
      <Filter>Source Files\libvpx\vp9\encoder</Filter>
    </ClCompile>
    <ClCompile Include="..\vp9\encoder\vp9_rd.c">
      <Filter>Source Files\libvpx\vp9\encoder</Filter>
    </ClCompile>
    <ClCompile Include="..\vp9\encoder\vp9_resize.c">
      <Filter>Source Files\libvpx\vp9\encoder</Filter>
    </ClCompile>
    <ClCompile Include="..\vp9\encoder\vp9_speed_features.c">
      <Filter>Source Files\libvpx\vp9\encoder</Filter>
    </ClCompile>
    <ClCompile Include="..\vp9\encoder\vp9_skin_detection.c">
      <Filter>Source Files\libvpx\vp9\encoder</Filter>
    </ClCompile>
    <ClCompile Include="..\vp9\encoder\vp9_svc_layercontext.c">
      <Filter>Source Files\libvpx\vp9\encoder</Filter>
    </ClCompile>
    <ClCompile Include="..\vp9\encoder\x86\vp9_quantize_sse2.c">
      <Filter>Source Files\libvpx\vp9\encoder\x86</Filter>
    </ClCompile>
    <ClCompile Include="..\vp9\encoder\x86\vp9_highbd_block_error_intrin_sse2.c">
      <Filter>Source Files\libvpx\vp9\encoder\x86</Filter>
    </ClCompile>
    <ClCompile Include="..\vp8\common\vp8_loopfilter.c">
      <Filter>Source Files\libvpx\vp8\common</Filter>
    </ClCompile>
    <ClCompile Include="..\vp8\encoder\vp8_quantize.c">
      <Filter>Source Files\libvpx\vp8\encoder</Filter>
    </ClCompile>
    <ClCompile Include="..\vp8\encoder\x86\vp8_quantize_sse2.c">
      <Filter>Source Files\libvpx\vp8\encoder\x86</Filter>
    </ClCompile>
    <ClCompile Include="..\vp9\encoder\vp9_blockiness.c">
      <Filter>Source Files\libvpx\vp9\encoder</Filter>
    </ClCompile>
    <ClCompile Include="..\vpx_dsp\fwd_txfm.c">
      <Filter>Source Files\libvpx\vpx_dsp</Filter>
    </ClCompile>
    <ClCompile Include="..\vpx_dsp\intrapred.c">
      <Filter>Source Files\libvpx\vpx_dsp</Filter>
    </ClCompile>
    <ClCompile Include="..\vpx_dsp\inv_txfm.c">
      <Filter>Source Files\libvpx\vpx_dsp</Filter>
    </ClCompile>
    <ClCompile Include="..\vpx_dsp\loopfilter.c">
      <Filter>Source Files\libvpx\vpx_dsp</Filter>
    </ClCompile>
    <ClCompile Include="..\vpx_dsp\prob.c">
      <Filter>Source Files\libvpx\vpx_dsp</Filter>
    </ClCompile>
    <ClCompile Include="..\vpx_dsp\quantize.c">
      <Filter>Source Files\libvpx\vpx_dsp</Filter>
    </ClCompile>
    <ClCompile Include="..\vpx_dsp\sad.c">
      <Filter>Source Files\libvpx\vpx_dsp</Filter>
    </ClCompile>
    <ClCompile Include="..\vpx_dsp\subtract.c">
      <Filter>Source Files\libvpx\vpx_dsp</Filter>
    </ClCompile>
    <ClCompile Include="..\vpx_dsp\variance.c">
      <Filter>Source Files\libvpx\vpx_dsp</Filter>
    </ClCompile>
    <ClCompile Include="..\vpx_dsp\vpx_convolve.c">
      <Filter>Source Files\libvpx\vpx_dsp</Filter>
    </ClCompile>
    <ClCompile Include="..\vpx_dsp\vpx_dsp_rtcd.c">
      <Filter>Source Files\libvpx\vpx_dsp</Filter>
    </ClCompile>
    <ClCompile Include="..\vpx_dsp\bitreader.c">
      <Filter>Source Files\libvpx\vpx_dsp</Filter>
    </ClCompile>
    <ClCompile Include="..\vpx_dsp\bitreader_buffer.c">
      <Filter>Source Files\libvpx\vpx_dsp</Filter>
    </ClCompile>
    <ClCompile Include="..\vpx_dsp\bitwriter.c">
      <Filter>Source Files\libvpx\vpx_dsp</Filter>
    </ClCompile>
    <ClCompile Include="..\vpx_dsp\bitwriter_buffer.c">
      <Filter>Source Files\libvpx\vpx_dsp</Filter>
    </ClCompile>
    <ClCompile Include="..\vpx_dsp\x86\fwd_txfm_avx2.c">
      <Filter>Source Files\libvpx\vpx_dsp\x86</Filter>
    </ClCompile>
    <ClCompile Include="..\vpx_dsp\x86\fwd_txfm_sse2.c">
      <Filter>Source Files\libvpx\vpx_dsp\x86</Filter>
    </ClCompile>
    <ClCompile Include="..\vpx_dsp\x86\highbd_loopfilter_sse2.c">
      <Filter>Source Files\libvpx\vpx_dsp\x86</Filter>
    </ClCompile>
    <ClCompile Include="..\vpx_dsp\x86\highbd_quantize_intrin_sse2.c">
      <Filter>Source Files\libvpx\vpx_dsp\x86</Filter>
    </ClCompile>
    <ClCompile Include="..\vpx_dsp\x86\highbd_variance_sse2.c">
      <Filter>Source Files\libvpx\vpx_dsp\x86</Filter>
    </ClCompile>
    <ClCompile Include="..\vpx_dsp\x86\inv_txfm_sse2.c">
      <Filter>Source Files\libvpx\vpx_dsp\x86</Filter>
    </ClCompile>
    <ClCompile Include="..\vpx_dsp\x86\loopfilter_avx2.c">
      <Filter>Source Files\libvpx\vpx_dsp\x86</Filter>
    </ClCompile>
    <ClCompile Include="..\vpx_dsp\x86\loopfilter_sse2.c">
      <Filter>Source Files\libvpx\vpx_dsp\x86</Filter>
    </ClCompile>
    <ClCompile Include="..\vpx_dsp\x86\quantize_sse2.c">
      <Filter>Source Files\libvpx\vpx_dsp\x86</Filter>
    </ClCompile>
    <ClCompile Include="..\vpx_dsp\x86\sad_avx2.c">
      <Filter>Source Files\libvpx\vpx_dsp\x86</Filter>
    </ClCompile>
    <ClCompile Include="..\vpx_dsp\x86\sad4d_avx2.c">
      <Filter>Source Files\libvpx\vpx_dsp\x86</Filter>
    </ClCompile>
    <ClCompile Include="..\vpx_dsp\x86\variance_avx2.c">
      <Filter>Source Files\libvpx\vpx_dsp\x86</Filter>
    </ClCompile>
    <ClCompile Include="..\vpx_dsp\x86\variance_sse2.c">
      <Filter>Source Files\libvpx\vpx_dsp\x86</Filter>
    </ClCompile>
    <ClCompile Include="..\vpx_dsp\x86\vpx_subpixel_8t_intrin_avx2.c">
      <Filter>Source Files\libvpx\vpx_dsp\x86</Filter>
    </ClCompile>
    <ClCompile Include="..\vpx_dsp\x86\vpx_subpixel_8t_intrin_ssse3.c">
      <Filter>Source Files\libvpx\vpx_dsp\x86</Filter>
    </ClCompile>
    <ClCompile Include="..\vpx_util\vpx_thread.c">
      <Filter>Source Files\libvpx\vpx_util</Filter>
    </ClCompile>
    <ClCompile Include="..\vp9\encoder\vp9_aq_360.c">
      <Filter>Source Files\libvpx\vp9\encoder</Filter>
    </ClCompile>
    <ClCompile Include="..\vp9\encoder\vp9_noise_estimate.c">
      <Filter>Source Files\libvpx\vp9\encoder</Filter>
    </ClCompile>
    <ClCompile Include="..\vp9\encoder\x86\vp9_dct_intrin_sse2.c">
      <Filter>Source Files\libvpx\vp9\encoder\x86</Filter>
    </ClCompile>
    <ClCompile Include="..\vp9\encoder\x86\vp9_diamond_search_sad_avx.c">
      <Filter>Source Files\libvpx\vp9\encoder\x86</Filter>
    </ClCompile>
    <ClCompile Include="..\vpx_dsp\add_noise.c">
      <Filter>Source Files\libvpx\vpx_dsp</Filter>
    </ClCompile>
    <ClCompile Include="..\vpx_dsp\avg.c">
      <Filter>Source Files\libvpx\vpx_dsp</Filter>
    </ClCompile>
    <ClCompile Include="..\vpx_dsp\x86\avg_intrin_sse2.c">
      <Filter>Source Files\libvpx\vpx_dsp\x86</Filter>
    </ClCompile>
    <ClCompile Include="..\vp9\encoder\vp9_alt_ref_aq.c">
      <Filter>Source Files\libvpx\vp9\encoder</Filter>
    </ClCompile>
    <ClCompile Include="..\vpx_dsp\psnr.c">
      <Filter>Source Files\libvpx\vpx_dsp</Filter>
    </ClCompile>
    <ClCompile Include="..\vpx_dsp\deblock.c">
      <Filter>Source Files\libvpx\vpx_dsp</Filter>
    </ClCompile>
    <ClCompile Include="..\vpx_dsp\sum_squares.c">
      <Filter>Source Files\libvpx\vpx_dsp</Filter>
    </ClCompile>
    <ClCompile Include="..\vpx_dsp\x86\sum_squares_sse2.c">
      <Filter>Source Files\libvpx\vpx_dsp\x86</Filter>
    </ClCompile>
    <ClCompile Include="..\vp8\common\vp8_skin_detection.c">
      <Filter>Source Files\libvpx\vp8\common</Filter>
    </ClCompile>
    <ClCompile Include="..\vp8\encoder\x86\vp8_quantize_ssse3.c">
      <Filter>Source Files\libvpx\vp8\encoder\x86</Filter>
    </ClCompile>
    <ClCompile Include="..\vp9\encoder\vp9_frame_scale.c">
      <Filter>Source Files\libvpx\vp9\encoder</Filter>
    </ClCompile>
    <ClCompile Include="..\vp9\encoder\vp9_multi_thread.c">
      <Filter>Source Files\libvpx\vp9\encoder</Filter>
    </ClCompile>
    <ClCompile Include="..\vp9\encoder\x86\vp9_error_avx2.c">
      <Filter>Source Files\libvpx\vp9\encoder\x86</Filter>
    </ClCompile>
    <ClCompile Include="..\vp9\encoder\x86\vp9_frame_scale_ssse3.c">
      <Filter>Source Files\libvpx\vp9\encoder\x86</Filter>
    </ClCompile>
    <ClCompile Include="..\vpx_dsp\x86\highbd_intrapred_intrin_sse2.c">
      <Filter>Source Files\libvpx\vpx_dsp\x86</Filter>
    </ClCompile>
    <ClCompile Include="..\vpx_dsp\x86\highbd_intrapred_intrin_ssse3.c">
      <Filter>Source Files\libvpx\vpx_dsp\x86</Filter>
    </ClCompile>
    <ClCompile Include="..\vpx_dsp\x86\highbd_convolve_avx2.c">
      <Filter>Source Files\libvpx\vpx_dsp\x86</Filter>
    </ClCompile>
    <ClCompile Include="..\vpx_dsp\x86\inv_txfm_ssse3.c">
      <Filter>Source Files\libvpx\vpx_dsp\x86</Filter>
    </ClCompile>
    <ClCompile Include="..\vpx_dsp\x86\avg_intrin_avx2.c">
      <Filter>Source Files\libvpx\vpx_dsp\x86</Filter>
    </ClCompile>
    <ClCompile Include="..\vpx_dsp\x86\avg_pred_sse2.c">
      <Filter>Source Files\libvpx\vpx_dsp\x86</Filter>
    </ClCompile>
    <ClCompile Include="..\vpx_dsp\x86\highbd_idct4x4_add_sse2.c">
      <Filter>Source Files\libvpx\vpx_dsp\x86</Filter>
    </ClCompile>
    <ClCompile Include="..\vpx_dsp\x86\highbd_idct4x4_add_sse4.c">
      <Filter>Source Files\libvpx\vpx_dsp\x86</Filter>
    </ClCompile>
    <ClCompile Include="..\vpx_dsp\x86\highbd_idct8x8_add_sse2.c">
      <Filter>Source Files\libvpx\vpx_dsp\x86</Filter>
    </ClCompile>
    <ClCompile Include="..\vpx_dsp\x86\highbd_idct8x8_add_sse4.c">
      <Filter>Source Files\libvpx\vpx_dsp\x86</Filter>
    </ClCompile>
    <ClCompile Include="..\vpx_dsp\x86\highbd_idct16x16_add_sse2.c">
      <Filter>Source Files\libvpx\vpx_dsp\x86</Filter>
    </ClCompile>
    <ClCompile Include="..\vpx_dsp\x86\highbd_idct16x16_add_sse4.c">
      <Filter>Source Files\libvpx\vpx_dsp\x86</Filter>
    </ClCompile>
    <ClCompile Include="..\vpx_dsp\x86\highbd_idct32x32_add_sse2.c">
      <Filter>Source Files\libvpx\vpx_dsp\x86</Filter>
    </ClCompile>
    <ClCompile Include="..\vpx_dsp\x86\highbd_idct32x32_add_sse4.c">
      <Filter>Source Files\libvpx\vpx_dsp\x86</Filter>
    </ClCompile>
    <ClCompile Include="..\vpx_dsp\x86\quantize_avx.c">
      <Filter>Source Files\libvpx\vpx_dsp\x86</Filter>
    </ClCompile>
    <ClCompile Include="..\vpx_dsp\x86\quantize_ssse3.c">
      <Filter>Source Files\libvpx\vpx_dsp\x86</Filter>
    </ClCompile>
    <ClCompile Include="..\vpx_dsp\x86\sad4d_avx512.c">
      <Filter>Source Files\libvpx\vpx_dsp\x86</Filter>
    </ClCompile>
    <ClCompile Include="..\vpx_dsp\skin_detection.c">
      <Filter>Source Files\libvpx\vpx_dsp</Filter>
    </ClCompile>
    <ClCompile Include="..\vpx_util\vpx_write_yuv_frame.c">
      <Filter>Source Files\libvpx\vpx_util</Filter>
    </ClCompile>
    <ClCompile Include="..\vp9\encoder\x86\temporal_filter_sse4.c">
      <Filter>Source Files\libvpx\vp9\encoder\x86</Filter>
    </ClCompile>
    <ClCompile Include="dce_defs.c">
      <Filter>Source Files</Filter>
    </ClCompile>
    <ClCompile Include="..\vp8\common\x86\bilinear_filter_sse2.c">
      <Filter>Source Files\libvpx\vp8\common\x86</Filter>
    </ClCompile>
    <ClCompile Include="..\vp9\common\x86\vp9_highbd_iht4x4_add_sse4.c">
      <Filter>Source Files\libvpx\vp9\common\x86</Filter>
    </ClCompile>
    <ClCompile Include="..\vp9\common\x86\vp9_highbd_iht8x8_add_sse4.c">
      <Filter>Source Files\libvpx\vp9\common\x86</Filter>
    </ClCompile>
    <ClCompile Include="..\vp9\common\x86\vp9_highbd_iht16x16_add_sse4.c">
      <Filter>Source Files\libvpx\vp9\common\x86</Filter>
    </ClCompile>
    <ClCompile Include="..\vp9\encoder\x86\vp9_quantize_avx2.c">
      <Filter>Source Files\libvpx\vp9\encoder\x86</Filter>
    </ClCompile>
    <ClCompile Include="..\vpx_dsp\x86\post_proc_sse2.c">
      <Filter>Source Files\libvpx\vpx_dsp\x86</Filter>
    </ClCompile>
    <ClCompile Include="..\vpx_dsp\x86\vpx_subpixel_4t_intrin_sse2.c">
      <Filter>Source Files\libvpx\vpx_dsp\x86</Filter>
    </ClCompile>
    <ClCompile Include="..\vp8\encoder\copy_c.c">
      <Filter>Source Files\libvpx\vp8\encoder</Filter>
    </ClCompile>
    <ClCompile Include="..\vp9\decoder\vp9_job_queue.c">
      <Filter>Source Files\libvpx\vp9\decoder</Filter>
    </ClCompile>
    <ClCompile Include="..\vp9\encoder\x86\highbd_temporal_filter_sse4.c">
      <Filter>Source Files\libvpx\vp9\encoder\x86</Filter>
    </ClCompile>
    <ClCompile Include="..\vp9\vp9_iface_common.c">
      <Filter>Source Files\libvpx\vp9</Filter>
    </ClCompile>
  </ItemGroup>
  <ItemGroup>
    <None Include="libvpx.def">
      <Filter>Resource Files</Filter>
    </None>
  </ItemGroup>
  <ItemGroup>
    <YASM Include="..\vp8\common\x86\recon_mmx.asm">
      <Filter>Source Files\libvpx\vp8\common\x86</Filter>
    </YASM>
    <YASM Include="..\vp8\common\x86\recon_sse2.asm">
      <Filter>Source Files\libvpx\vp8\common\x86</Filter>
    </YASM>
    <YASM Include="..\vp8\common\x86\subpixel_mmx.asm">
      <Filter>Source Files\libvpx\vp8\common\x86</Filter>
    </YASM>
    <YASM Include="..\vp8\common\x86\subpixel_ssse3.asm">
      <Filter>Source Files\libvpx\vp8\common\x86</Filter>
    </YASM>
    <YASM Include="..\vp8\common\x86\dequantize_mmx.asm">
      <Filter>Source Files\libvpx\vp8\common\x86</Filter>
    </YASM>
    <YASM Include="..\vp8\common\x86\idctllm_mmx.asm">
      <Filter>Source Files\libvpx\vp8\common\x86</Filter>
    </YASM>
    <YASM Include="..\vp8\common\x86\idctllm_sse2.asm">
      <Filter>Source Files\libvpx\vp8\common\x86</Filter>
    </YASM>
    <YASM Include="..\vp8\common\x86\iwalsh_sse2.asm">
      <Filter>Source Files\libvpx\vp8\common\x86</Filter>
    </YASM>
    <YASM Include="..\vp8\common\x86\loopfilter_sse2.asm">
      <Filter>Source Files\libvpx\vp8\common\x86</Filter>
    </YASM>
    <YASM Include="..\vp8\common\x86\mfqe_sse2.asm">
      <Filter>Source Files\libvpx\vp8\common\x86</Filter>
    </YASM>
    <YASM Include="..\vp8\encoder\x86\fwalsh_sse2.asm">
      <Filter>Source Files\libvpx\vp8\encoder\x86</Filter>
    </YASM>
    <YASM Include="..\vp8\encoder\x86\temporal_filter_apply_sse2.asm">
      <Filter>Source Files\libvpx\vp8\encoder\x86</Filter>
    </YASM>
    <YASM Include="..\vp8\encoder\x86\dct_sse2.asm">
      <Filter>Source Files\libvpx\vp8\encoder\x86</Filter>
    </YASM>
    <YASM Include="..\vp9\encoder\x86\vp9_error_sse2.asm">
      <Filter>Source Files\libvpx\vp9\encoder\x86</Filter>
    </YASM>
    <YASM Include="..\vp8\common\x86\loopfilter_block_sse2_x86_64.asm">
      <Filter>Source Files\libvpx\vp8\common\x86</Filter>
    </YASM>
    <YASM Include="..\vp9\common\x86\vp9_mfqe_sse2.asm">
      <Filter>Source Files\libvpx\vp9\common\x86</Filter>
    </YASM>
    <YASM Include="..\vp9\encoder\x86\vp9_quantize_ssse3_x86_64.asm">
      <Filter>Source Files\libvpx\vp9\encoder\x86</Filter>
    </YASM>
    <YASM Include="..\vpx_dsp\x86\vpx_subpixel_bilinear_sse2.asm">
      <Filter>Source Files\libvpx\vpx_dsp\x86</Filter>
    </YASM>
    <YASM Include="..\vpx_dsp\x86\vpx_subpixel_bilinear_ssse3.asm">
      <Filter>Source Files\libvpx\vpx_dsp\x86</Filter>
    </YASM>
    <YASM Include="..\vpx_dsp\x86\fwd_txfm_ssse3_x86_64.asm">
      <Filter>Source Files\libvpx\vpx_dsp\x86</Filter>
    </YASM>
    <YASM Include="..\vpx_dsp\x86\highbd_intrapred_sse2.asm">
      <Filter>Source Files\libvpx\vpx_dsp\x86</Filter>
    </YASM>
    <YASM Include="..\vpx_dsp\x86\highbd_sad_sse2.asm">
      <Filter>Source Files\libvpx\vpx_dsp\x86</Filter>
    </YASM>
    <YASM Include="..\vpx_dsp\x86\highbd_sad4d_sse2.asm">
      <Filter>Source Files\libvpx\vpx_dsp\x86</Filter>
    </YASM>
    <YASM Include="..\vpx_dsp\x86\highbd_subpel_variance_impl_sse2.asm">
      <Filter>Source Files\libvpx\vpx_dsp\x86</Filter>
    </YASM>
    <YASM Include="..\vpx_dsp\x86\highbd_variance_impl_sse2.asm">
      <Filter>Source Files\libvpx\vpx_dsp\x86</Filter>
    </YASM>
    <YASM Include="..\vpx_dsp\x86\intrapred_sse2.asm">
      <Filter>Source Files\libvpx\vpx_dsp\x86</Filter>
    </YASM>
    <YASM Include="..\vpx_dsp\x86\intrapred_ssse3.asm">
      <Filter>Source Files\libvpx\vpx_dsp\x86</Filter>
    </YASM>
    <YASM Include="..\vpx_dsp\x86\inv_wht_sse2.asm">
      <Filter>Source Files\libvpx\vpx_dsp\x86</Filter>
    </YASM>
    <YASM Include="..\vpx_dsp\x86\sad_sse2.asm">
      <Filter>Source Files\libvpx\vpx_dsp\x86</Filter>
    </YASM>
    <YASM Include="..\vpx_dsp\x86\sad_sse3.asm">
      <Filter>Source Files\libvpx\vpx_dsp\x86</Filter>
    </YASM>
    <YASM Include="..\vpx_dsp\x86\sad_sse4.asm">
      <Filter>Source Files\libvpx\vpx_dsp\x86</Filter>
    </YASM>
    <YASM Include="..\vpx_dsp\x86\sad_ssse3.asm">
      <Filter>Source Files\libvpx\vpx_dsp\x86</Filter>
    </YASM>
    <YASM Include="..\vpx_dsp\x86\sad4d_sse2.asm">
      <Filter>Source Files\libvpx\vpx_dsp\x86</Filter>
    </YASM>
    <YASM Include="..\vpx_dsp\x86\ssim_opt_x86_64.asm">
      <Filter>Source Files\libvpx\vpx_dsp\x86</Filter>
    </YASM>
    <YASM Include="..\vpx_dsp\x86\subpel_variance_sse2.asm">
      <Filter>Source Files\libvpx\vpx_dsp\x86</Filter>
    </YASM>
    <YASM Include="..\vpx_dsp\x86\subtract_sse2.asm">
      <Filter>Source Files\libvpx\vpx_dsp\x86</Filter>
    </YASM>
    <YASM Include="..\vpx_dsp\x86\vpx_convolve_copy_sse2.asm">
      <Filter>Source Files\libvpx\vpx_dsp\x86</Filter>
    </YASM>
    <YASM Include="..\vpx_dsp\x86\vpx_high_subpixel_8t_sse2.asm">
      <Filter>Source Files\libvpx\vpx_dsp\x86</Filter>
    </YASM>
    <YASM Include="..\vpx_dsp\x86\vpx_high_subpixel_bilinear_sse2.asm">
      <Filter>Source Files\libvpx\vpx_dsp\x86</Filter>
    </YASM>
    <YASM Include="..\vpx_dsp\x86\vpx_subpixel_8t_sse2.asm">
      <Filter>Source Files\libvpx\vpx_dsp\x86</Filter>
    </YASM>
    <YASM Include="..\vpx_dsp\x86\vpx_subpixel_8t_ssse3.asm">
      <Filter>Source Files\libvpx\vpx_dsp\x86</Filter>
    </YASM>
    <YASM Include="..\vp9\encoder\x86\vp9_dct_sse2.asm">
      <Filter>Source Files\libvpx\vp9\encoder\x86</Filter>
    </YASM>
    <YASM Include="..\vpx_dsp\x86\add_noise_sse2.asm">
      <Filter>Source Files\libvpx\vpx_dsp\x86</Filter>
    </YASM>
    <YASM Include="..\vpx_dsp\x86\avg_ssse3_x86_64.asm">
      <Filter>Source Files\libvpx\vpx_dsp\x86</Filter>
    </YASM>
    <YASM Include="..\vpx_dsp\x86\deblock_sse2.asm">
      <Filter>Source Files\libvpx\vpx_dsp\x86</Filter>
    </YASM>
    <YASM Include="..\vp8\common\x86\subpixel_sse2.asm">
      <Filter>Source Files\libvpx\vp8\common\x86</Filter>
    </YASM>
    <YASM Include="..\vpx_dsp\x86\bitdepth_conversion_sse2.asm">
      <Filter>Source Files\libvpx\vpx_dsp\x86</Filter>
    </YASM>
    <YASM Include="..\vp8\encoder\x86\block_error_sse2.asm">
      <Filter>Source Files\libvpx\vp8\encoder\x86</Filter>
    </YASM>
    <YASM Include="..\vpx_ports\emms_mmx.asm">
      <Filter>Source Files\libvpx\vpx_ports</Filter>
    </YASM>
    <YASM Include="..\vpx_ports\float_control_word.asm">
      <Filter>Source Files\libvpx\vpx_ports</Filter>
    </YASM>
    <YASM Include="..\vp8\encoder\x86\copy_sse2.asm">
      <Filter>Source Files\libvpx\vp8\encoder\x86</Filter>
    </YASM>
    <YASM Include="..\vp8\encoder\x86\copy_sse3.asm">
      <Filter>Source Files\libvpx\vp8\encoder\x86</Filter>
    </YASM>
  </ItemGroup>
</Project>