<?xml version="1.0" encoding="utf-8"?>
<Project ToolsVersion="4.0" xmlns="http://schemas.microsoft.com/developer/msbuild/2003">
  <ItemGroup>
    <Filter Include="Source Files">
      <UniqueIdentifier>{e62f3459-42a3-472a-afec-a8ce87f5a868}</UniqueIdentifier>
    </Filter>
  </ItemGroup>
  <ItemGroup>
    <ClCompile Include="..\build\make\obj_int_extract.c">
      <Filter>Source Files</Filter>
    </ClCompile>
  </ItemGroup>
</Project>